GEM
  remote: https://rubygems.org/
  specs:
    fasterer (0.11.0)
      ruby_parser (>= 3.19.1)
    racc (1.8.1)
    ruby_parser (3.21.1)
      racc (~> 1.5)
      sexp_processor (~> 4.16)
    sexp_processor (4.17.4)

PLATFORMS
  arm64-darwin-24
  ruby

DEPENDENCIES
  fasterer

BUNDLED WITH
   2.7.2
